PODS:
  - GoogleMaps (2.3.0):
    - GoogleMaps/Maps (= 2.3.0)
  - GoogleMaps/Base (2.3.0)
  - GoogleMaps/Maps (2.3.0):
    - GoogleMaps/Base
  - GooglePlaces (2.3.0):
    - GoogleMaps/Base (= 2.3.0)
  - RandomUserSwift (0.04)

DEPENDENCIES:
  - GoogleMaps
  - GooglePlaces
  - RandomUserSwift

SPEC CHECKSUMS:
  GoogleMaps: 340a6a0bebd17c2db8abcd3921976c7c53c86cb8
  GooglePlaces: 74d322c74184ea4576184089b496d291cf0dcd38
  RandomUserSwift: 11090185caf2ec0f9f17ca501945b37a4d1d83c0

PODFILE CHECKSUM: 2abfd00051c3e8ada6b50b2705f2b2bf7a80e356

COCOAPODS: 1.2.1
